
Microsoft Visual Studio Solution File, Format Version 12.00
# Visual Studio Version 17
VisualStudioVersion = 17.1.31903.286
MinimumVisualStudioVersion = 10.0.40219.1
Project("{FAE04EC0-301F-11D3-BF4B-00C04F79EFBC}") = "AesCTRTest", "AesCTRTest\AesCTRTest.csproj", "{C2919484-5CC7-492F-B95A-7BBC3150B5C8}"
EndProject
Global
	GlobalSection(SolutionConfigurationPlatforms) = preSolution
		Debug|Any CPU = Debug|Any CPU
		Release|Any CPU = Release|Any CPU
	EndGlobalSection
	GlobalSection(ProjectConfigurationPlatforms) = postSolution
		{C2919484-5CC7-492F-B95A-7BBC3150B5C8}.Debug|Any CPU.ActiveCfg = Debug|Any CPU
		{C2919484-5CC7-492F-B95A-7BBC3150B5C8}.Debug|Any CPU.Build.0 = Debug|Any CPU
		{C2919484-5CC7-492F-B95A-7BBC3150B5C8}.Release|Any CPU.ActiveCfg = Release|Any CPU
		{C2919484-5CC7-492F-B95A-7BBC3150B5C8}.Release|Any CPU.Build.0 = Release|Any CPU
	EndGlobalSection
	GlobalSection(SolutionProperties) = preSolution
		HideSolutionNode = FALSE
	EndGlobalSection
	GlobalSection(ExtensibilityGlobals) = postSolution
		SolutionGuid = {FB861CA9-B6CA-48E6-A6EC-6FD3DD3A80FA}
	EndGlobalSection
EndGlobal
